
Microsoft Visual Studio Solution File, Format Version 12.00
# Visual Studio Version 17
VisualStudioVersion = 17.0.31903.59
MinimumVisualStudioVersion = 10.0.40219.1
Project("{2150E333-8FDC-42A3-9474-1A3956D46DE8}") = "src", "src", "{827E0CD3-B72D-47B6-A68D-7590B98EB39B}"
EndProject
Project("{FAE04EC0-301F-11D3-BF4B-00C04F79EFBC}") = "StaySphere.Api", "src\StaySphere.Api\StaySphere.Api.csproj", "{E8141292-40A4-4795-943F-1EA8963EF745}"
EndProject
Project("{FAE04EC0-301F-11D3-BF4B-00C04F79EFBC}") = "StaySphere.Application", "src\StaySphere.Application\StaySphere.Application.csproj", "{3A597C82-347C-41F7-8DC8-73B84B6925FD}"
EndProject
Project("{FAE04EC0-301F-11D3-BF4B-00C04F79EFBC}") = "StaySphere.Contracts", "src\StaySphere.Contracts\StaySphere.Contracts.csproj", "{E3949450-21F5-44AD-9AE5-E24D3EA80328}"
EndProject
Project("{FAE04EC0-301F-11D3-BF4B-00C04F79EFBC}") = "StaySphere.Domain", "src\StaySphere.Domain\StaySphere.Domain.csproj", "{B21564E1-5CC4-4369-B2E6-83638343AA21}"
EndProject
Project("{FAE04EC0-301F-11D3-BF4B-00C04F79EFBC}") = "StaySphere.Infrastructure", "src\StaySphere.Infrastructure\StaySphere.Infrastructure.csproj", "{726BAC33-CE5D-4195-B480-A97F38FD6C46}"
EndProject
Project("{FAE04EC0-301F-11D3-BF4B-00C04F79EFBC}") = "StaySphere.Workers", "src\StaySphere.Workers\StaySphere.Workers.csproj", "{A0BEE7F5-AB84-411F-A73B-6423511B1233}"
EndProject
Project("{2150E333-8FDC-42A3-9474-1A3956D46DE8}") = "tests", "tests", "{0AB3BF05-4346-4AA6-1389-037BE0695223}"
EndProject
Project("{FAE04EC0-301F-11D3-BF4B-00C04F79EFBC}") = "StaySphere.ArchitectureTests", "tests\StaySphere.ArchitectureTests\StaySphere.ArchitectureTests.csproj", "{6F19E47A-224B-4461-91BF-D1C87356C3F1}"
EndProject
Project("{FAE04EC0-301F-11D3-BF4B-00C04F79EFBC}") = "StaySphere.IntegrationTests", "tests\StaySphere.IntegrationTests\StaySphere.IntegrationTests.csproj", "{9C32A266-45AD-4A72-BB0B-B8A8F5D4B7BA}"
EndProject
Project("{FAE04EC0-301F-11D3-BF4B-00C04F79EFBC}") = "StaySphere.UnitTests", "tests\StaySphere.UnitTests\StaySphere.UnitTests.csproj", "{563E3E34-8A92-43CD-85CC-01D900E66BBC}"
EndProject
Global
	GlobalSection(SolutionConfigurationPlatforms) = preSolution
		Debug|Any CPU = Debug|Any CPU
		Debug|x64 = Debug|x64
		Debug|x86 = Debug|x86
		Release|Any CPU = Release|Any CPU
		Release|x64 = Release|x64
		Release|x86 = Release|x86
	EndGlobalSection
	GlobalSection(ProjectConfigurationPlatforms) = postSolution
		{E8141292-40A4-4795-943F-1EA8963EF745}.Debug|Any CPU.ActiveCfg = Debug|Any CPU
		{E8141292-40A4-4795-943F-1EA8963EF745}.Debug|Any CPU.Build.0 = Debug|Any CPU
		{E8141292-40A4-4795-943F-1EA8963EF745}.Debug|x64.ActiveCfg = Debug|Any CPU
		{E8141292-40A4-4795-943F-1EA8963EF745}.Debug|x64.Build.0 = Debug|Any CPU
		{E8141292-40A4-4795-943F-1EA8963EF745}.Debug|x86.ActiveCfg = Debug|Any CPU
		{E8141292-40A4-4795-943F-1EA8963EF745}.Debug|x86.Build.0 = Debug|Any CPU
		{E8141292-40A4-4795-943F-1EA8963EF745}.Release|Any CPU.ActiveCfg = Release|Any CPU
		{E8141292-40A4-4795-943F-1EA8963EF745}.Release|Any CPU.Build.0 = Release|Any CPU
		{E8141292-40A4-4795-943F-1EA8963EF745}.Release|x64.ActiveCfg = Release|Any CPU
		{E8141292-40A4-4795-943F-1EA8963EF745}.Release|x64.Build.0 = Release|Any CPU
		{E8141292-40A4-4795-943F-1EA8963EF745}.Release|x86.ActiveCfg = Release|Any CPU
		{E8141292-40A4-4795-943F-1EA8963EF745}.Release|x86.Build.0 = Release|Any CPU
		{3A597C82-347C-41F7-8DC8-73B84B6925FD}.Debug|Any CPU.ActiveCfg = Debug|Any CPU
		{3A597C82-347C-41F7-8DC8-73B84B6925FD}.Debug|Any CPU.Build.0 = Debug|Any CPU
		{3A597C82-347C-41F7-8DC8-73B84B6925FD}.Debug|x64.ActiveCfg = Debug|Any CPU
		{3A597C82-347C-41F7-8DC8-73B84B6925FD}.Debug|x64.Build.0 = Debug|Any CPU
		{3A597C82-347C-41F7-8DC8-73B84B6925FD}.Debug|x86.ActiveCfg = Debug|Any CPU
		{3A597C82-347C-41F7-8DC8-73B84B6925FD}.Debug|x86.Build.0 = Debug|Any CPU
		{3A597C82-347C-41F7-8DC8-73B84B6925FD}.Release|Any CPU.ActiveCfg = Release|Any CPU
		{3A597C82-347C-41F7-8DC8-73B84B6925FD}.Release|Any CPU.Build.0 = Release|Any CPU
		{3A597C82-347C-41F7-8DC8-73B84B6925FD}.Release|x64.ActiveCfg = Release|Any CPU
		{3A597C82-347C-41F7-8DC8-73B84B6925FD}.Release|x64.Build.0 = Release|Any CPU
		{3A597C82-347C-41F7-8DC8-73B84B6925FD}.Release|x86.ActiveCfg = Release|Any CPU
		{3A597C82-347C-41F7-8DC8-73B84B6925FD}.Release|x86.Build.0 = Release|Any CPU
		{E3949450-21F5-44AD-9AE5-E24D3EA80328}.Debug|Any CPU.ActiveCfg = Debug|Any CPU
		{E3949450-21F5-44AD-9AE5-E24D3EA80328}.Debug|Any CPU.Build.0 = Debug|Any CPU
		{E3949450-21F5-44AD-9AE5-E24D3EA80328}.Debug|x64.ActiveCfg = Debug|Any CPU
		{E3949450-21F5-44AD-9AE5-E24D3EA80328}.Debug|x64.Build.0 = Debug|Any CPU
		{E3949450-21F5-44AD-9AE5-E24D3EA80328}.Debug|x86.ActiveCfg = Debug|Any CPU
		{E3949450-21F5-44AD-9AE5-E24D3EA80328}.Debug|x86.Build.0 = Debug|Any CPU
		{E3949450-21F5-44AD-9AE5-E24D3EA80328}.Release|Any CPU.ActiveCfg = Release|Any CPU
		{E3949450-21F5-44AD-9AE5-E24D3EA80328}.Release|Any CPU.Build.0 = Release|Any CPU
		{E3949450-21F5-44AD-9AE5-E24D3EA80328}.Release|x64.ActiveCfg = Release|Any CPU
		{E3949450-21F5-44AD-9AE5-E24D3EA80328}.Release|x64.Build.0 = Release|Any CPU
		{E3949450-21F5-44AD-9AE5-E24D3EA80328}.Release|x86.ActiveCfg = Release|Any CPU
		{E3949450-21F5-44AD-9AE5-E24D3EA80328}.Release|x86.Build.0 = Release|Any CPU
		{B21564E1-5CC4-4369-B2E6-83638343AA21}.Debug|Any CPU.ActiveCfg = Debug|Any CPU
		{B21564E1-5CC4-4369-B2E6-83638343AA21}.Debug|Any CPU.Build.0 = Debug|Any CPU
		{B21564E1-5CC4-4369-B2E6-83638343AA21}.Debug|x64.ActiveCfg = Debug|Any CPU
		{B21564E1-5CC4-4369-B2E6-83638343AA21}.Debug|x64.Build.0 = Debug|Any CPU
		{B21564E1-5CC4-4369-B2E6-83638343AA21}.Debug|x86.ActiveCfg = Debug|Any CPU
		{B21564E1-5CC4-4369-B2E6-83638343AA21}.Debug|x86.Build.0 = Debug|Any CPU
		{B21564E1-5CC4-4369-B2E6-83638343AA21}.Release|Any CPU.ActiveCfg = Release|Any CPU
		{B21564E1-5CC4-4369-B2E6-83638343AA21}.Release|Any CPU.Build.0 = Release|Any CPU
		{B21564E1-5CC4-4369-B2E6-83638343AA21}.Release|x64.ActiveCfg = Release|Any CPU
		{B21564E1-5CC4-4369-B2E6-83638343AA21}.Release|x64.Build.0 = Release|Any CPU
		{B21564E1-5CC4-4369-B2E6-83638343AA21}.Release|x86.ActiveCfg = Release|Any CPU
		{B21564E1-5CC4-4369-B2E6-83638343AA21}.Release|x86.Build.0 = Release|Any CPU
		{726BAC33-CE5D-4195-B480-A97F38FD6C46}.Debug|Any CPU.ActiveCfg = Debug|Any CPU
		{726BAC33-CE5D-4195-B480-A97F38FD6C46}.Debug|Any CPU.Build.0 = Debug|Any CPU
		{726BAC33-CE5D-4195-B480-A97F38FD6C46}.Debug|x64.ActiveCfg = Debug|Any CPU
		{726BAC33-CE5D-4195-B480-A97F38FD6C46}.Debug|x64.Build.0 = Debug|Any CPU
		{726BAC33-CE5D-4195-B480-A97F38FD6C46}.Debug|x86.ActiveCfg = Debug|Any CPU
		{726BAC33-CE5D-4195-B480-A97F38FD6C46}.Debug|x86.Build.0 = Debug|Any CPU
		{726BAC33-CE5D-4195-B480-A97F38FD6C46}.Release|Any CPU.ActiveCfg = Release|Any CPU
		{726BAC33-CE5D-4195-B480-A97F38FD6C46}.Release|Any CPU.Build.0 = Release|Any CPU
		{726BAC33-CE5D-4195-B480-A97F38FD6C46}.Release|x64.ActiveCfg = Release|Any CPU
		{726BAC33-CE5D-4195-B480-A97F38FD6C46}.Release|x64.Build.0 = Release|Any CPU
		{726BAC33-CE5D-4195-B480-A97F38FD6C46}.Release|x86.ActiveCfg = Release|Any CPU
		{726BAC33-CE5D-4195-B480-A97F38FD6C46}.Release|x86.Build.0 = Release|Any CPU
		{A0BEE7F5-AB84-411F-A73B-6423511B1233}.Debug|Any CPU.ActiveCfg = Debug|Any CPU
		{A0BEE7F5-AB84-411F-A73B-6423511B1233}.Debug|Any CPU.Build.0 = Debug|Any CPU
		{A0BEE7F5-AB84-411F-A73B-6423511B1233}.Debug|x64.ActiveCfg = Debug|Any CPU
		{A0BEE7F5-AB84-411F-A73B-6423511B1233}.Debug|x64.Build.0 = Debug|Any CPU
		{A0BEE7F5-AB84-411F-A73B-6423511B1233}.Debug|x86.ActiveCfg = Debug|Any CPU
		{A0BEE7F5-AB84-411F-A73B-6423511B1233}.Debug|x86.Build.0 = Debug|Any CPU
		{A0BEE7F5-AB84-411F-A73B-6423511B1233}.Release|Any CPU.ActiveCfg = Release|Any CPU
		{A0BEE7F5-AB84-411F-A73B-6423511B1233}.Release|Any CPU.Build.0 = Release|Any CPU
		{A0BEE7F5-AB84-411F-A73B-6423511B1233}.Release|x64.ActiveCfg = Release|Any CPU
		{A0BEE7F5-AB84-411F-A73B-6423511B1233}.Release|x64.Build.0 = Release|Any CPU
		{A0BEE7F5-AB84-411F-A73B-6423511B1233}.Release|x86.ActiveCfg = Release|Any CPU
		{A0BEE7F5-AB84-411F-A73B-6423511B1233}.Release|x86.Build.0 = Release|Any CPU
		{6F19E47A-224B-4461-91BF-D1C87356C3F1}.Debug|Any CPU.ActiveCfg = Debug|Any CPU
		{6F19E47A-224B-4461-91BF-D1C87356C3F1}.Debug|Any CPU.Build.0 = Debug|Any CPU
		{6F19E47A-224B-4461-91BF-D1C87356C3F1}.Debug|x64.ActiveCfg = Debug|Any CPU
		{6F19E47A-224B-4461-91BF-D1C87356C3F1}.Debug|x64.Build.0 = Debug|Any CPU
		{6F19E47A-224B-4461-91BF-D1C87356C3F1}.Debug|x86.ActiveCfg = Debug|Any CPU
		{6F19E47A-224B-4461-91BF-D1C87356C3F1}.Debug|x86.Build.0 = Debug|Any CPU
		{6F19E47A-224B-4461-91BF-D1C87356C3F1}.Release|Any CPU.ActiveCfg = Release|Any CPU
		{6F19E47A-224B-4461-91BF-D1C87356C3F1}.Release|Any CPU.Build.0 = Release|Any CPU
		{6F19E47A-224B-4461-91BF-D1C87356C3F1}.Release|x64.ActiveCfg = Release|Any CPU
		{6F19E47A-224B-4461-91BF-D1C87356C3F1}.Release|x64.Build.0 = Release|Any CPU
		{6F19E47A-224B-4461-91BF-D1C87356C3F1}.Release|x86.ActiveCfg = Release|Any CPU
		{6F19E47A-224B-4461-91BF-D1C87356C3F1}.Release|x86.Build.0 = Release|Any CPU
		{9C32A266-45AD-4A72-BB0B-B8A8F5D4B7BA}.Debug|Any CPU.ActiveCfg = Debug|Any CPU
		{9C32A266-45AD-4A72-BB0B-B8A8F5D4B7BA}.Debug|Any CPU.Build.0 = Debug|Any CPU
		{9C32A266-45AD-4A72-BB0B-B8A8F5D4B7BA}.Debug|x64.ActiveCfg = Debug|Any CPU
		{9C32A266-45AD-4A72-BB0B-B8A8F5D4B7BA}.Debug|x64.Build.0 = Debug|Any CPU
		{9C32A266-45AD-4A72-BB0B-B8A8F5D4B7BA}.Debug|x86.ActiveCfg = Debug|Any CPU
		{9C32A266-45AD-4A72-BB0B-B8A8F5D4B7BA}.Debug|x86.Build.0 = Debug|Any CPU
		{9C32A266-45AD-4A72-BB0B-B8A8F5D4B7BA}.Release|Any CPU.ActiveCfg = Release|Any CPU
		{9C32A266-45AD-4A72-BB0B-B8A8F5D4B7BA}.Release|Any CPU.Build.0 = Release|Any CPU
		{9C32A266-45AD-4A72-BB0B-B8A8F5D4B7BA}.Release|x64.ActiveCfg = Release|Any CPU
		{9C32A266-45AD-4A72-BB0B-B8A8F5D4B7BA}.Release|x64.Build.0 = Release|Any CPU
		{9C32A266-45AD-4A72-BB0B-B8A8F5D4B7BA}.Release|x86.ActiveCfg = Release|Any CPU
		{9C32A266-45AD-4A72-BB0B-B8A8F5D4B7BA}.Release|x86.Build.0 = Release|Any CPU
		{563E3E34-8A92-43CD-85CC-01D900E66BBC}.Debug|Any CPU.ActiveCfg = Debug|Any CPU
		{563E3E34-8A92-43CD-85CC-01D900E66BBC}.Debug|Any CPU.Build.0 = Debug|Any CPU
		{563E3E34-8A92-43CD-85CC-01D900E66BBC}.Debug|x64.ActiveCfg = Debug|Any CPU
		{563E3E34-8A92-43CD-85CC-01D900E66BBC}.Debug|x64.Build.0 = Debug|Any CPU
		{563E3E34-8A92-43CD-85CC-01D900E66BBC}.Debug|x86.ActiveCfg = Debug|Any CPU
		{563E3E34-8A92-43CD-85CC-01D900E66BBC}.Debug|x86.Build.0 = Debug|Any CPU
		{563E3E34-8A92-43CD-85CC-01D900E66BBC}.Release|Any CPU.ActiveCfg = Release|Any CPU
		{563E3E34-8A92-43CD-85CC-01D900E66BBC}.Release|Any CPU.Build.0 = Release|Any CPU
		{563E3E34-8A92-43CD-85CC-01D900E66BBC}.Release|x64.ActiveCfg = Release|Any CPU
		{563E3E34-8A92-43CD-85CC-01D900E66BBC}.Release|x64.Build.0 = Release|Any CPU
		{563E3E34-8A92-43CD-85CC-01D900E66BBC}.Release|x86.ActiveCfg = Release|Any CPU
		{563E3E34-8A92-43CD-85CC-01D900E66BBC}.Release|x86.Build.0 = Release|Any CPU
	EndGlobalSection
	GlobalSection(SolutionProperties) = preSolution
		HideSolutionNode = FALSE
	EndGlobalSection
	GlobalSection(NestedProjects) = preSolution
		{E8141292-40A4-4795-943F-1EA8963EF745} = {827E0CD3-B72D-47B6-A68D-7590B98EB39B}
		{3A597C82-347C-41F7-8DC8-73B84B6925FD} = {827E0CD3-B72D-47B6-A68D-7590B98EB39B}
		{E3949450-21F5-44AD-9AE5-E24D3EA80328} = {827E0CD3-B72D-47B6-A68D-7590B98EB39B}
		{B21564E1-5CC4-4369-B2E6-83638343AA21} = {827E0CD3-B72D-47B6-A68D-7590B98EB39B}
		{726BAC33-CE5D-4195-B480-A97F38FD6C46} = {827E0CD3-B72D-47B6-A68D-7590B98EB39B}
		{A0BEE7F5-AB84-411F-A73B-6423511B1233} = {827E0CD3-B72D-47B6-A68D-7590B98EB39B}
		{6F19E47A-224B-4461-91BF-D1C87356C3F1} = {0AB3BF05-4346-4AA6-1389-037BE0695223}
		{9C32A266-45AD-4A72-BB0B-B8A8F5D4B7BA} = {0AB3BF05-4346-4AA6-1389-037BE0695223}
		{563E3E34-8A92-43CD-85CC-01D900E66BBC} = {0AB3BF05-4346-4AA6-1389-037BE0695223}
	EndGlobalSection
EndGlobal
